
Microsoft Visual Studio Solution File, Format Version 12.00
# Visual Studio Version 17
VisualStudioVersion = 17.3.32611.2
MinimumVisualStudioVersion = 10.0.40219.1
Project("{FAE04EC0-301F-11D3-BF4B-00C04F79EFBC}") = "MvcMovie", "MvcMovie.csproj", "{4BDC7740-A9CC-4560-AAFB-042B7E4BD5D6}"
EndProject
Global
	GlobalSection(SolutionConfigurationPlatforms) = preSolution
		Debug|Any CPU = Debug|Any CPU
		Release|Any CPU = Release|Any CPU
	EndGlobalSection
	GlobalSection(ProjectConfigurationPlatforms) = postSolution
		{4BDC7740-A9CC-4560-AAFB-042B7E4BD5D6}.Debug|Any CPU.ActiveCfg = Debug|Any CPU
		{4BDC7740-A9CC-4560-AAFB-042B7E4BD5D6}.Debug|Any CPU.Build.0 = Debug|Any CPU
		{4BDC7740-A9CC-4560-AAFB-042B7E4BD5D6}.Release|Any CPU.ActiveCfg = Release|Any CPU
		{4BDC7740-A9CC-4560-AAFB-042B7E4BD5D6}.Release|Any CPU.Build.0 = Release|Any CPU
	EndGlobalSection
	GlobalSection(SolutionProperties) = preSolution
		HideSolutionNode = FALSE
	EndGlobalSection
	GlobalSection(ExtensibilityGlobals) = postSolution
		SolutionGuid = {EB757B17-AE2E-4F92-A5D8-947307DF373F}
	EndGlobalSection
EndGlobal
